
Microsoft Visual Studio Solution File, Format Version 12.00
# Visual Studio Version 17
VisualStudioVersion = 17.5.002.0
MinimumVisualStudioVersion = 10.0.40219.1
Project("{9A19103F-16F7-4668-BE54-9A1E7A4F7556}") = "ExternalApiDemo", "ExternalApiDemo.csproj", "{9F02AEC4-4744-4421-8E47-9C9AFD53E20B}"
EndProject
Global
	GlobalSection(SolutionConfigurationPlatforms) = preSolution
		Debug|Any CPU = Debug|Any CPU
		Release|Any CPU = Release|Any CPU
	EndGlobalSection
	GlobalSection(ProjectConfigurationPlatforms) = postSolution
		{9F02AEC4-4744-4421-8E47-9C9AFD53E20B}.Debug|Any CPU.ActiveCfg = Debug|Any CPU
		{9F02AEC4-4744-4421-8E47-9C9AFD53E20B}.Debug|Any CPU.Build.0 = Debug|Any CPU
		{9F02AEC4-4744-4421-8E47-9C9AFD53E20B}.Release|Any CPU.ActiveCfg = Release|Any CPU
		{9F02AEC4-4744-4421-8E47-9C9AFD53E20B}.Release|Any CPU.Build.0 = Release|Any CPU
	EndGlobalSection
	GlobalSection(SolutionProperties) = preSolution
		HideSolutionNode = FALSE
	EndGlobalSection
	GlobalSection(ExtensibilityGlobals) = postSolution
		SolutionGuid = {2374703D-216D-4CB6-B870-5628802C5803}
	EndGlobalSection
EndGlobal
